
Microsoft Visual Studio Solution File, Format Version 12.00
# Visual Studio Version 16
VisualStudioVersion = 16.0.30804.86
MinimumVisualStudioVersion = 10.0.40219.1
Project("{9A19103F-16F7-4668-BE54-9A1E7A4F7556}") = "Monocypher", "Monocypher\Monocypher.csproj", "{D257E231-8932-4312-B114-89F315DC2B41}"
EndProject
Project("{9A19103F-16F7-4668-BE54-9A1E7A4F7556}") = "Monocypher.CodeGen", "Monocypher.CodeGen\Monocypher.CodeGen.csproj", "{87B215EB-E00C-4C0F-B142-72251ABA9E91}"
EndProject
Project("{9A19103F-16F7-4668-BE54-9A1E7A4F7556}") = "Monocypher.Tests", "Monocypher.Tests\Monocypher.Tests.csproj", "{00B82CFD-6B05-42B6-A3B4-3B7CACAB5478}"
EndProject
Project("{2150E333-8FDC-42A3-9474-1A3956D46DE8}") = "Solution Items", "Solution Items", "{95775E17-DD0A-4A31-AD7F-9D9C099D9B18}"
	ProjectSection(SolutionItems) = preProject
		..\ext\build_monocypher_native.ps1 = ..\ext\build_monocypher_native.ps1
		..\license.txt = ..\license.txt
		..\.github\workflows\managed.yml = ..\.github\workflows\managed.yml
		..\.github\workflows\native.yml = ..\.github\workflows\native.yml
		..\readme.md = ..\readme.md
	EndProjectSection
EndProject
Global
	GlobalSection(SolutionConfigurationPlatforms) = preSolution
		Debug|Any CPU = Debug|Any CPU
		Release|Any CPU = Release|Any CPU
	EndGlobalSection
	GlobalSection(ProjectConfigurationPlatforms) = postSolution
		{D257E231-8932-4312-B114-89F315DC2B41}.Debug|Any CPU.ActiveCfg = Debug|Any CPU
		{D257E231-8932-4312-B114-89F315DC2B41}.Debug|Any CPU.Build.0 = Debug|Any CPU
		{D257E231-8932-4312-B114-89F315DC2B41}.Release|Any CPU.ActiveCfg = Release|Any CPU
		{D257E231-8932-4312-B114-89F315DC2B41}.Release|Any CPU.Build.0 = Release|Any CPU
		{87B215EB-E00C-4C0F-B142-72251ABA9E91}.Debug|Any CPU.ActiveCfg = Debug|Any CPU
		{87B215EB-E00C-4C0F-B142-72251ABA9E91}.Debug|Any CPU.Build.0 = Debug|Any CPU
		{87B215EB-E00C-4C0F-B142-72251ABA9E91}.Release|Any CPU.ActiveCfg = Release|Any CPU
		{87B215EB-E00C-4C0F-B142-72251ABA9E91}.Release|Any CPU.Build.0 = Release|Any CPU
		{00B82CFD-6B05-42B6-A3B4-3B7CACAB5478}.Debug|Any CPU.ActiveCfg = Debug|Any CPU
		{00B82CFD-6B05-42B6-A3B4-3B7CACAB5478}.Debug|Any CPU.Build.0 = Debug|Any CPU
		{00B82CFD-6B05-42B6-A3B4-3B7CACAB5478}.Release|Any CPU.ActiveCfg = Release|Any CPU
		{00B82CFD-6B05-42B6-A3B4-3B7CACAB5478}.Release|Any CPU.Build.0 = Release|Any CPU
	EndGlobalSection
	GlobalSection(SolutionProperties) = preSolution
		HideSolutionNode = FALSE
	EndGlobalSection
	GlobalSection(ExtensibilityGlobals) = postSolution
		SolutionGuid = {B95E1471-C56A-4968-86B1-85BB995DD437}
	EndGlobalSection
EndGlobal
